
Microsoft Visual Studio Solution File, Format Version 12.00
# Visual Studio Version 16
VisualStudioVersion = 16.0.31205.134
MinimumVisualStudioVersion = 10.0.40219.1
Project("{FAE04EC0-301F-11D3-BF4B-00C04F79EFBC}") = "Robot", "Robot\Robot.csproj", "{75B334C4-CA08-4128-B511-8143F7F6FEE5}"
EndProject
Global
	GlobalSection(SolutionConfigurationPlatforms) = preSolution
		Debug|Any CPU = Debug|Any CPU
		Release|Any CPU = Release|Any CPU
	EndGlobalSection
	GlobalSection(ProjectConfigurationPlatforms) = postSolution
		{75B334C4-CA08-4128-B511-8143F7F6FEE5}.Debug|Any CPU.ActiveCfg = Debug|Any CPU
		{75B334C4-CA08-4128-B511-8143F7F6FEE5}.Debug|Any CPU.Build.0 = Debug|Any CPU
		{75B334C4-CA08-4128-B511-8143F7F6FEE5}.Release|Any CPU.ActiveCfg = Release|Any CPU
		{75B334C4-CA08-4128-B511-8143F7F6FEE5}.Release|Any CPU.Build.0 = Release|Any CPU
	EndGlobalSection
	GlobalSection(SolutionProperties) = preSolution
		HideSolutionNode = FALSE
	EndGlobalSection
	GlobalSection(ExtensibilityGlobals) = postSolution
		SolutionGuid = {E6309E01-BFA2-47AA-8390-238E3CE6D596}
	EndGlobalSection
EndGlobal
